
Microsoft Visual Studio Solution File, Format Version 12.00
# Visual Studio Version 17
VisualStudioVersion = 17.5.33530.505
MinimumVisualStudioVersion = 10.0.40219.1
Project("{FAE04EC0-301F-11D3-BF4B-00C04F79EFBC}") = "WebApplication1", "WebApplication1\WebApplication1.csproj", "{13E29231-3D88-4EF0-855C-CD0F4CB8B4E7}"
EndProject
Global
	GlobalSection(SolutionConfigurationPlatforms) = preSolution
		Debug|Any CPU = Debug|Any CPU
		Release|Any CPU = Release|Any CPU
	EndGlobalSection
	GlobalSection(ProjectConfigurationPlatforms) = postSolution
		{13E29231-3D88-4EF0-855C-CD0F4CB8B4E7}.Debug|Any CPU.ActiveCfg = Debug|Any CPU
		{13E29231-3D88-4EF0-855C-CD0F4CB8B4E7}.Debug|Any CPU.Build.0 = Debug|Any CPU
		{13E29231-3D88-4EF0-855C-CD0F4CB8B4E7}.Release|Any CPU.ActiveCfg = Release|Any CPU
		{13E29231-3D88-4EF0-855C-CD0F4CB8B4E7}.Release|Any CPU.Build.0 = Release|Any CPU
	EndGlobalSection
	GlobalSection(SolutionProperties) = preSolution
		HideSolutionNode = FALSE
	EndGlobalSection
	GlobalSection(ExtensibilityGlobals) = postSolution
		SolutionGuid = {C7F9DF7A-7BC4-451E-8414-8D29494476E1}
	EndGlobalSection
EndGlobal
